
Microsoft Visual Studio Solution File, Format Version 12.00
# Visual Studio 15
VisualStudioVersion = 15.0.27428.2043
MinimumVisualStudioVersion = 10.0.40219.1
Project("{FAE04EC0-301F-11D3-BF4B-00C04F79EFBC}") = "TodoApi", "TodoApi\TodoApi.csproj", "{70990304-EB1A-4360-B6FC-EAE9DE54C0E9}"
EndProject
Global
	GlobalSection(SolutionConfigurationPlatforms) = preSolution
		Debug|Any CPU = Debug|Any CPU
		Release|Any CPU = Release|Any CPU
	EndGlobalSection
	GlobalSection(ProjectConfigurationPlatforms) = postSolution
		{70990304-EB1A-4360-B6FC-EAE9DE54C0E9}.Debug|Any CPU.ActiveCfg = Debug|Any CPU
		{70990304-EB1A-4360-B6FC-EAE9DE54C0E9}.Debug|Any CPU.Build.0 = Debug|Any CPU
		{70990304-EB1A-4360-B6FC-EAE9DE54C0E9}.Release|Any CPU.ActiveCfg = Release|Any CPU
		{70990304-EB1A-4360-B6FC-EAE9DE54C0E9}.Release|Any CPU.Build.0 = Release|Any CPU
	EndGlobalSection
	GlobalSection(SolutionProperties) = preSolution
		HideSolutionNode = FALSE
	EndGlobalSection
	GlobalSection(ExtensibilityGlobals) = postSolution
		SolutionGuid = {98AEA633-FDAA-4D85-9B3D-144962C8CE24}
	EndGlobalSection
EndGlobal
